PODS:
  - Alamofire (4.7.2)
  - SWXMLHash (4.7.0)

DEPENDENCIES:
  - Alamofire
  - SWXMLHash

SPEC REPOS:
  https://github.com/cocoapods/specs.git:
    - Alamofire
    - SWXMLHash

SPEC CHECKSUMS:
  Alamofire: e4fa87002c137ba2d8d634d2c51fabcda0d5c223
  SWXMLHash: f4522438189f72b41e39676d19469a8969d60dd1

PODFILE CHECKSUM: 8b702e4b6abc03dd9dcbfb81e559824072d73141

COCOAPODS: 1.5.3
