PODS:
  - Alamofire (4.7.2)
  - Quick (1.3.0)
  - SWXMLHash (4.7.0)

DEPENDENCIES:
  - Alamofire
  - Quick
  - SWXMLHash

SPEC REPOS:
  https://github.com/cocoapods/specs.git:
    - Alamofire
    - Quick
    - SWXMLHash

SPEC CHECKSUMS:
  Alamofire: e4fa87002c137ba2d8d634d2c51fabcda0d5c223
  Quick: 03278013f71aa05fe9ecabc94fbcc6835f1ee76f
  SWXMLHash: f4522438189f72b41e39676d19469a8969d60dd1

PODFILE CHECKSUM: 9895fd663fb05f51392835a1c5a6cfda5bbaec37

COCOAPODS: 1.5.3
